{
    "_readme": [
        "This file locks the dependencies of your project to a known state",
        "Read more about it at http://getcomposer.org/doc/01-basic-usage.md#composer-lock-the-lock-file"
    ],
    "hash": "2b498748520bec79a3eaa0f2d8a044f3",
    "packages": [
        {
            "name": "bootstrap",
            "version": "3.1.1",
            "source": {
                "type": "git",
                "url": "https://github.com/twitter/bootstrap.git",
                "reference": "v3.1.1"
            },
            "dist": {
                "type": "zip",
                "url": "https://github.com/twitter/bootstrap/releases/download/v3.1.1/bootstrap-3.1.1-dist.zip",
                "reference": null,
                "shasum": null
            },
            "type": "library"
        },
        {
            "name": "jquery",
            "version": "2.1.0",
            "source": {
                "type": "git",
                "url": "https://github.com/jquery/jquery",
                "reference": "2.1.0"
            },
            "dist": {
                "type": "file",
                "url": "http://code.jquery.com/jquery-2.1.0.min.js",
                "reference": null,
                "shasum": null
            },
            "type": "library"
        }
    ],
    "packages-dev": [

    ],
    "aliases": [

    ],
    "minimum-stability": "stable",
    "stability-flags": [

    ],
    "platform": {
        "php": ">=5.3.2"
    },
    "platform-dev": [

    ]
}
